// !$*UTF8*$!
{
	archiveVersion = 1;
	classes = {
	};
	objectVersion = 55;
	objects = {

/* Begin PBXBuildFile section */
		F10EEE44287388D90046025C /* SVGKit in Frameworks */ = {isa = PBXBuildFile; productRef = F10EEE43287388D90046025C /* SVGKit */; };
		F10EEE46287388D90046025C /* SVGKitSwift in Frameworks */ = {isa = PBXBuildFile; productRef = F10EEE45287388D90046025C /* SVGKitSwift */; };
		F167762428706C080045C36B /* AppDelegate.swift in Sources */ = {isa = PBXBuildFile; fileRef = F167762328706C080045C36B /* AppDelegate.swift */; };
		F167762628706C080045C36B /* SceneDelegate.swift in Sources */ = {isa = PBXBuildFile; fileRef = F167762528706C080045C36B /* SceneDelegate.swift */; };
		F167762B28706C080045C36B /* Main.storyboard in Resources */ = {isa = PBXBuildFile; fileRef = F167762928706C080045C36B /* Main.storyboard */; };
		F167762E28706C080045C36B /* Countries.xcdatamodeld in Sources */ = {isa = PBXBuildFile; fileRef = F167762C28706C080045C36B /* Countries.xcdatamodeld */; };
		F167763028706C090045C36B /* Assets.xcassets in Resources */ = {isa = PBXBuildFile; fileRef = F167762F28706C090045C36B /* Assets.xcassets */; };
		F167763328706C090045C36B /* LaunchScreen.storyboard in Resources */ = {isa = PBXBuildFile; fileRef = F167763128706C090045C36B /* LaunchScreen.storyboard */; };
		F167763C287074490045C36B /* CountriesDataModel.swift in Sources */ = {isa = PBXBuildFile; fileRef = F167763B287074490045C36B /* CountriesDataModel.swift */; };
		F167763E287074860045C36B /* CountryDataModel.swift in Sources */ = {isa = PBXBuildFile; fileRef = F167763D287074860045C36B /* CountryDataModel.swift */; };
		F16776412870757E0045C36B /* CountriesWebService.swift in Sources */ = {isa = PBXBuildFile; fileRef = F16776402870757E0045C36B /* CountriesWebService.swift */; };
		F16776432870A2FD0045C36B /* CountriesHomeViewController.swift in Sources */ = {isa = PBXBuildFile; fileRef = F16776422870A2FD0045C36B /* CountriesHomeViewController.swift */; };
		F16776462870A90E0045C36B /* CountryTableViewCell.swift in Sources */ = {isa = PBXBuildFile; fileRef = F16776452870A90E0045C36B /* CountryTableViewCell.swift */; };
		F1C263942871D41800E8FCEE /* SavedCountriesViewController.swift in Sources */ = {isa = PBXBuildFile; fileRef = F1C263932871D41800E8FCEE /* SavedCountriesViewController.swift */; };
		F1C263962871D5F500E8FCEE /* CountryItem.swift in Sources */ = {isa = PBXBuildFile; fileRef = F1C263952871D5F500E8FCEE /* CountryItem.swift */; };
		F1C263982871E4F600E8FCEE /* CountryLists.swift in Sources */ = {isa = PBXBuildFile; fileRef = F1C263972871E4F600E8FCEE /* CountryLists.swift */; };
		F1C2639A2871EEC900E8FCEE /* DetailCardViewController.swift in Sources */ = {isa = PBXBuildFile; fileRef = F1C263992871EEC900E8FCEE /* DetailCardViewController.swift */; };
		F1C2639C2871FAB700E8FCEE /* DetailDataModel.swift in Sources */ = {isa = PBXBuildFile; fileRef = F1C2639B2871FAB700E8FCEE /* DetailDataModel.swift */; };
		F1C2639E2871FAE600E8FCEE /* CountryDetail.swift in Sources */ = {isa = PBXBuildFile; fileRef = F1C2639D2871FAE600E8FCEE /* CountryDetail.swift */; };
		F1C263A1287203D400E8FCEE /* CountriesWebServiceDelegate.swift in Sources */ = {isa = PBXBuildFile; fileRef = F1C263A0287203D400E8FCEE /* CountriesWebServiceDelegate.swift */; };
/* End PBXBuildFile section */

/* Begin PBXFileReference section */
		F167762028706C080045C36B /* Countries.app */ = {isa = PBXFileReference; explicitFileType = wrapper.application; includeInIndex = 0; path = Countries.app; sourceTree = BUILT_PRODUCTS_DIR; };
		F167762328706C080045C36B /* AppDelegate.swift */ = {isa = PBXFileReference; lastKnownFileType = sourcecode.swift; path = AppDelegate.swift; sourceTree = "<group>"; };
		F167762528706C080045C36B /* SceneDelegate.swift */ = {isa = PBXFileReference; lastKnownFileType = sourcecode.swift; path = SceneDelegate.swift; sourceTree = "<group>"; };
		F167762A28706C080045C36B /* Base */ = {isa = PBXFileReference; lastKnownFileType = file.storyboard; name = Base; path = Base.lproj/Main.storyboard; sourceTree = "<group>"; };
		F167762D28706C080045C36B /* Countries.xcdatamodel */ = {isa = PBXFileReference; lastKnownFileType = wrapper.xcdatamodel; path = Countries.xcdatamodel; sourceTree = "<group>"; };
		F167762F28706C090045C36B /* Assets.xcassets */ = {isa = PBXFileReference; lastKnownFileType = folder.assetcatalog; path = Assets.xcassets; sourceTree = "<group>"; };
		F167763228706C090045C36B /* Base */ = {isa = PBXFileReference; lastKnownFileType = file.storyboard; name = Base; path = Base.lproj/LaunchScreen.storyboard; sourceTree = "<group>"; };
		F167763428706C090045C36B /* Info.plist */ = {isa = PBXFileReference; lastKnownFileType = text.plist.xml; path = Info.plist; sourceTree = "<group>"; };
		F167763B287074490045C36B /* CountriesDataModel.swift */ = {isa = PBXFileReference; lastKnownFileType = sourcecode.swift; path = CountriesDataModel.swift; sourceTree = "<group>"; };
		F167763D287074860045C36B /* CountryDataModel.swift */ = {isa = PBXFileReference; lastKnownFileType = sourcecode.swift; path = CountryDataModel.swift; sourceTree = "<group>"; };
		F16776402870757E0045C36B /* CountriesWebService.swift */ = {isa = PBXFileReference; lastKnownFileType = sourcecode.swift; path = CountriesWebService.swift; sourceTree = "<group>"; };
		F16776422870A2FD0045C36B /* CountriesHomeViewController.swift */ = {isa = PBXFileReference; lastKnownFileType = sourcecode.swift; path = CountriesHomeViewController.swift; sourceTree = "<group>"; };
		F16776452870A90E0045C36B /* CountryTableViewCell.swift */ = {isa = PBXFileReference; lastKnownFileType = sourcecode.swift; path = CountryTableViewCell.swift; sourceTree = "<group>"; };
		F1C263932871D41800E8FCEE /* SavedCountriesViewController.swift */ = {isa = PBXFileReference; lastKnownFileType = sourcecode.swift; path = SavedCountriesViewController.swift; sourceTree = "<group>"; };
		F1C263952871D5F500E8FCEE /* CountryItem.swift */ = {isa = PBXFileReference; lastKnownFileType = sourcecode.swift; path = CountryItem.swift; sourceTree = "<group>"; };
		F1C263972871E4F600E8FCEE /* CountryLists.swift */ = {isa = PBXFileReference; lastKnownFileType = sourcecode.swift; path = CountryLists.swift; sourceTree = "<group>"; };
		F1C263992871EEC900E8FCEE /* DetailCardViewController.swift */ = {isa = PBXFileReference; lastKnownFileType = sourcecode.swift; path = DetailCardViewController.swift; sourceTree = "<group>"; };
		F1C2639B2871FAB700E8FCEE /* DetailDataModel.swift */ = {isa = PBXFileReference; lastKnownFileType = sourcecode.swift; path = DetailDataModel.swift; sourceTree = "<group>"; };
		F1C2639D2871FAE600E8FCEE /* CountryDetail.swift */ = {isa = PBXFileReference; lastKnownFileType = sourcecode.swift; path = CountryDetail.swift; sourceTree = "<group>"; };
		F1C263A0287203D400E8FCEE /* CountriesWebServiceDelegate.swift */ = {isa = PBXFileReference; lastKnownFileType = sourcecode.swift; path = CountriesWebServiceDelegate.swift; sourceTree = "<group>"; };
/* End PBXFileReference section */

/* Begin PBXFrameworksBuildPhase section */
		F167761D28706C080045C36B /* Frameworks */ = {
			isa = PBXFrameworksBuildPhase;
			buildActionMask = 2147483647;
			files = (
				F10EEE46287388D90046025C /* SVGKitSwift in Frameworks */,
				F10EEE44287388D90046025C /* SVGKit in Frameworks */,
			);
			runOnlyForDeploymentPostprocessing = 0;
		};
/* End PBXFrameworksBuildPhase section */

/* Begin PBXGroup section */
		F167761728706C080045C36B = {
			isa = PBXGroup;
			children = (
				F167762228706C080045C36B /* Countries */,
				F167762128706C080045C36B /* Products */,
			);
			sourceTree = "<group>";
		};
		F167762128706C080045C36B /* Products */ = {
			isa = PBXGroup;
			children = (
				F167762028706C080045C36B /* Countries.app */,
			);
			name = Products;
			sourceTree = "<group>";
		};
		F167762228706C080045C36B /* Countries */ = {
			isa = PBXGroup;
			children = (
				F1C2639F287203BA00E8FCEE /* Service */,
				F167763A2870732A0045C36B /* Model */,
				F16776442870A8F60045C36B /* View */,
				F167763F287075660045C36B /* Controller */,
				F167762328706C080045C36B /* AppDelegate.swift */,
				F167762528706C080045C36B /* SceneDelegate.swift */,
				F167762F28706C090045C36B /* Assets.xcassets */,
				F167763428706C090045C36B /* Info.plist */,
				F167762C28706C080045C36B /* Countries.xcdatamodeld */,
			);
			path = Countries;
			sourceTree = "<group>";
		};
		F167763A2870732A0045C36B /* Model */ = {
			isa = PBXGroup;
			children = (
				F167763B287074490045C36B /* CountriesDataModel.swift */,
				F167763D287074860045C36B /* CountryDataModel.swift */,
				F1C263952871D5F500E8FCEE /* CountryItem.swift */,
				F1C263972871E4F600E8FCEE /* CountryLists.swift */,
				F1C2639B2871FAB700E8FCEE /* DetailDataModel.swift */,
				F1C2639D2871FAE600E8FCEE /* CountryDetail.swift */,
			);
			path = Model;
			sourceTree = "<group>";
		};
		F167763F287075660045C36B /* Controller */ = {
			isa = PBXGroup;
			children = (
				F16776422870A2FD0045C36B /* CountriesHomeViewController.swift */,
				F1C263932871D41800E8FCEE /* SavedCountriesViewController.swift */,
				F1C263992871EEC900E8FCEE /* DetailCardViewController.swift */,
			);
			path = Controller;
			sourceTree = "<group>";
		};
		F16776442870A8F60045C36B /* View */ = {
			isa = PBXGroup;
			children = (
				F16776452870A90E0045C36B /* CountryTableViewCell.swift */,
				F167762928706C080045C36B /* Main.storyboard */,
				F167763128706C090045C36B /* LaunchScreen.storyboard */,
			);
			path = View;
			sourceTree = "<group>";
		};
		F1C2639F287203BA00E8FCEE /* Service */ = {
			isa = PBXGroup;
			children = (
				F16776402870757E0045C36B /* CountriesWebService.swift */,
				F1C263A0287203D400E8FCEE /* CountriesWebServiceDelegate.swift */,
			);
			path = Service;
			sourceTree = "<group>";
		};
/* End PBXGroup section */

/* Begin PBXNativeTarget section */
		F167761F28706C080045C36B /* Countries */ = {
			isa = PBXNativeTarget;
			buildConfigurationList = F167763728706C090045C36B /* Build configuration list for PBXNativeTarget "Countries" */;
			buildPhases = (
				F167761C28706C080045C36B /* Sources */,
				F167761D28706C080045C36B /* Frameworks */,
				F167761E28706C080045C36B /* Resources */,
			);
			buildRules = (
			);
			dependencies = (
			);
			name = Countries;
			packageProductDependencies = (
				F10EEE43287388D90046025C /* SVGKit */,
				F10EEE45287388D90046025C /* SVGKitSwift */,
			);
			productName = Countries;
			productReference = F167762028706C080045C36B /* Countries.app */;
			productType = "com.apple.product-type.application";
		};
/* End PBXNativeTarget section */

/* Begin PBXProject section */
		F167761828706C080045C36B /* Project object */ = {
			isa = PBXProject;
			attributes = {
				BuildIndependentTargetsInParallel = 1;
				LastSwiftUpdateCheck = 1340;
				LastUpgradeCheck = 1340;
				TargetAttributes = {
					F167761F28706C080045C36B = {
						CreatedOnToolsVersion = 13.4;
					};
				};
			};
			buildConfigurationList = F167761B28706C080045C36B /* Build configuration list for PBXProject "Countries" */;
			compatibilityVersion = "Xcode 13.0";
			developmentRegion = en;
			hasScannedForEncodings = 0;
			knownRegions = (
				en,
				Base,
			);
			mainGroup = F167761728706C080045C36B;
			packageReferences = (
				F10EEE42287388D90046025C /* XCRemoteSwiftPackageReference "SVGKit" */,
			);
			productRefGroup = F167762128706C080045C36B /* Products */;
			projectDirPath = "";
			projectRoot = "";
			targets = (
				F167761F28706C080045C36B /* Countries */,
			);
		};
/* End PBXProject section */

/* Begin PBXResourcesBuildPhase section */
		F167761E28706C080045C36B /* Resources */ = {
			isa = PBXResourcesBuildPhase;
			buildActionMask = 2147483647;
			files = (
				F167763328706C090045C36B /* LaunchScreen.storyboard in Resources */,
				F167763028706C090045C36B /* Assets.xcassets in Resources */,
				F167762B28706C080045C36B /* Main.storyboard in Resources */,
			);
			runOnlyForDeploymentPostprocessing = 0;
		};
/* End PBXResourcesBuildPhase section */

/* Begin PBXSourcesBuildPhase section */
		F167761C28706C080045C36B /* Sources */ = {
			isa = PBXSourcesBuildPhase;
			buildActionMask = 2147483647;
			files = (
				F16776432870A2FD0045C36B /* CountriesHomeViewController.swift in Sources */,
				F1C263982871E4F600E8FCEE /* CountryLists.swift in Sources */,
				F1C263942871D41800E8FCEE /* SavedCountriesViewController.swift in Sources */,
				F167762428706C080045C36B /* AppDelegate.swift in Sources */,
				F167763E287074860045C36B /* CountryDataModel.swift in Sources */,
				F1C2639A2871EEC900E8FCEE /* DetailCardViewController.swift in Sources */,
				F167762E28706C080045C36B /* Countries.xcdatamodeld in Sources */,
				F16776462870A90E0045C36B /* CountryTableViewCell.swift in Sources */,
				F16776412870757E0045C36B /* CountriesWebService.swift in Sources */,
				F1C263962871D5F500E8FCEE /* CountryItem.swift in Sources */,
				F1C2639C2871FAB700E8FCEE /* DetailDataModel.swift in Sources */,
				F1C263A1287203D400E8FCEE /* CountriesWebServiceDelegate.swift in Sources */,
				F1C2639E2871FAE600E8FCEE /* CountryDetail.swift in Sources */,
				F167763C287074490045C36B /* CountriesDataModel.swift in Sources */,
				F167762628706C080045C36B /* SceneDelegate.swift in Sources */,
			);
			runOnlyForDeploymentPostprocessing = 0;
		};
/* End PBXSourcesBuildPhase section */

/* Begin PBXVariantGroup section */
		F167762928706C080045C36B /* Main.storyboard */ = {
			isa = PBXVariantGroup;
			children = (
				F167762A28706C080045C36B /* Base */,
			);
			name = Main.storyboard;
			sourceTree = "<group>";
		};
		F167763128706C090045C36B /* LaunchScreen.storyboard */ = {
			isa = PBXVariantGroup;
			children = (
				F167763228706C090045C36B /* Base */,
			);
			name = LaunchScreen.storyboard;
			sourceTree = "<group>";
		};
/* End PBXVariantGroup section */

/* Begin XCBuildConfiguration section */
		F167763528706C090045C36B /* Debug */ = {
			isa = XCBuildConfiguration;
			buildSettings = {
				ALWAYS_SEARCH_USER_PATHS = NO;
				CLANG_ANALYZER_NONNULL = YES;
				CLANG_ANALYZER_NUMBER_OBJECT_CONVERSION = YES_AGGRESSIVE;
				CLANG_CXX_LANGUAGE_STANDARD = "gnu++17";
				CLANG_ENABLE_MODULES = YES;
				CLANG_ENABLE_OBJC_ARC = YES;
				CLANG_ENABLE_OBJC_WEAK = YES;
				CLANG_WARN_BLOCK_CAPTURE_AUTORELEASING = YES;
				CLANG_WARN_BOOL_CONVERSION = YES;
				CLANG_WARN_COMMA = YES;
				CLANG_WARN_CONSTANT_CONVERSION = YES;
				CLANG_WARN_DEPRECATED_OBJC_IMPLEMENTATIONS = YES;
				CLANG_WARN_DIRECT_OBJC_ISA_USAGE = YES_ERROR;
				CLANG_WARN_DOCUMENTATION_COMMENTS = YES;
				CLANG_WARN_EMPTY_BODY = YES;
				CLANG_WARN_ENUM_CONVERSION = YES;
				CLANG_WARN_INFINITE_RECURSION = YES;
				CLANG_WARN_INT_CONVERSION = YES;
				CLANG_WARN_NON_LITERAL_NULL_CONVERSION = YES;
				CLANG_WARN_OBJC_IMPLICIT_RETAIN_SELF = YES;
				CLANG_WARN_OBJC_LITERAL_CONVERSION = YES;
				CLANG_WARN_OBJC_ROOT_CLASS = YES_ERROR;
				CLANG_WARN_QUOTED_INCLUDE_IN_FRAMEWORK_HEADER = YES;
				CLANG_WARN_RANGE_LOOP_ANALYSIS = YES;
				CLANG_WARN_STRICT_PROTOTYPES = YES;
				CLANG_WARN_SUSPICIOUS_MOVE = YES;
				CLANG_WARN_UNGUARDED_AVAILABILITY = YES_AGGRESSIVE;
				CLANG_WARN_UNREACHABLE_CODE = YES;
				CLANG_WARN__DUPLICATE_METHOD_MATCH = YES;
				COPY_PHASE_STRIP = NO;
				DEBUG_INFORMATION_FORMAT = dwarf;
				ENABLE_STRICT_OBJC_MSGSEND = YES;
				ENABLE_TESTABILITY = YES;
				GCC_C_LANGUAGE_STANDARD = gnu11;
				GCC_DYNAMIC_NO_PIC = NO;
				GCC_NO_COMMON_BLOCKS = YES;
				GCC_OPTIMIZATION_LEVEL = 0;
				GCC_PREPROCESSOR_DEFINITIONS = (
					"DEBUG=1",
					"$(inherited)",
				);
				GCC_WARN_64_TO_32_BIT_CONVERSION = YES;
				GCC_WARN_ABOUT_RETURN_TYPE = YES_ERROR;
				GCC_WARN_UNDECLARED_SELECTOR = YES;
				GCC_WARN_UNINITIALIZED_AUTOS = YES_AGGRESSIVE;
				GCC_WARN_UNUSED_FUNCTION = YES;
				GCC_WARN_UNUSED_VARIABLE = YES;
				IPHONEOS_DEPLOYMENT_TARGET = 15.5;
				MTL_ENABLE_DEBUG_INFO = INCLUDE_SOURCE;
				MTL_FAST_MATH = YES;
				ONLY_ACTIVE_ARCH = YES;
				SDKROOT = iphoneos;
				SWIFT_ACTIVE_COMPILATION_CONDITIONS = DEBUG;
				SWIFT_OPTIMIZATION_LEVEL = "-Onone";
			};
			name = Debug;
		};
		F167763628706C090045C36B /* Release */ = {
			isa = XCBuildConfiguration;
			buildSettings = {
				ALWAYS_SEARCH_USER_PATHS = NO;
				CLANG_ANALYZER_NONNULL = YES;
				CLANG_ANALYZER_NUMBER_OBJECT_CONVERSION = YES_AGGRESSIVE;
				CLANG_CXX_LANGUAGE_STANDARD = "gnu++17";
				CLANG_ENABLE_MODULES = YES;
				CLANG_ENABLE_OBJC_ARC = YES;
				CLANG_ENABLE_OBJC_WEAK = YES;
				CLANG_WARN_BLOCK_CAPTURE_AUTORELEASING = YES;
				CLANG_WARN_BOOL_CONVERSION = YES;
				CLANG_WARN_COMMA = YES;
				CLANG_WARN_CONSTANT_CONVERSION = YES;
				CLANG_WARN_DEPRECATED_OBJC_IMPLEMENTATIONS = YES;
				CLANG_WARN_DIRECT_OBJC_ISA_USAGE = YES_ERROR;
				CLANG_WARN_DOCUMENTATION_COMMENTS = YES;
				CLANG_WARN_EMPTY_BODY = YES;
				CLANG_WARN_ENUM_CONVERSION = YES;
				CLANG_WARN_INFINITE_RECURSION = YES;
				CLANG_WARN_INT_CONVERSION = YES;
				CLANG_WARN_NON_LITERAL_NULL_CONVERSION = YES;
				CLANG_WARN_OBJC_IMPLICIT_RETAIN_SELF = YES;
				CLANG_WARN_OBJC_LITERAL_CONVERSION = YES;
				CLANG_WARN_OBJC_ROOT_CLASS = YES_ERROR;
				CLANG_WARN_QUOTED_INCLUDE_IN_FRAMEWORK_HEADER = YES;
				CLANG_WARN_RANGE_LOOP_ANALYSIS = YES;
				CLANG_WARN_STRICT_PROTOTYPES = YES;
				CLANG_WARN_SUSPICIOUS_MOVE = YES;
				CLANG_WARN_UNGUARDED_AVAILABILITY = YES_AGGRESSIVE;
				CLANG_WARN_UNREACHABLE_CODE = YES;
				CLANG_WARN__DUPLICATE_METHOD_MATCH = YES;
				COPY_PHASE_STRIP = NO;
				DEBUG_INFORMATION_FORMAT = "dwarf-with-dsym";
				ENABLE_NS_ASSERTIONS = NO;
				ENABLE_STRICT_OBJC_MSGSEND = YES;
				GCC_C_LANGUAGE_STANDARD = gnu11;
				GCC_NO_COMMON_BLOCKS = YES;
				GCC_WARN_64_TO_32_BIT_CONVERSION = YES;
				GCC_WARN_ABOUT_RETURN_TYPE = YES_ERROR;
				GCC_WARN_UNDECLARED_SELECTOR = YES;
				GCC_WARN_UNINITIALIZED_AUTOS = YES_AGGRESSIVE;
				GCC_WARN_UNUSED_FUNCTION = YES;
				GCC_WARN_UNUSED_VARIABLE = YES;
				IPHONEOS_DEPLOYMENT_TARGET = 15.5;
				MTL_ENABLE_DEBUG_INFO = NO;
				MTL_FAST_MATH = YES;
				SDKROOT = iphoneos;
				SWIFT_COMPILATION_MODE = wholemodule;
				SWIFT_OPTIMIZATION_LEVEL = "-O";
				VALIDATE_PRODUCT = YES;
			};
			name = Release;
		};
		F167763828706C090045C36B /* Debug */ = {
			isa = XCBuildConfiguration;
			buildSettings = {
				ASSETCATALOG_COMPILER_APPICON_NAME = AppIcon;
				ASSETCATALOG_COMPILER_GLOBAL_ACCENT_COLOR_NAME = AccentColor;
				CODE_SIGN_STYLE = Automatic;
				CURRENT_PROJECT_VERSION = 1;
				DEVELOPMENT_TEAM = V2YB3ZX244;
				GENERATE_INFOPLIST_FILE = YES;
				INFOPLIST_FILE = Countries/Info.plist;
				INFOPLIST_KEY_UIApplicationSupportsIndirectInputEvents = YES;
				INFOPLIST_KEY_UILaunchStoryboardName = LaunchScreen;
				INFOPLIST_KEY_UIMainStoryboardFile = Main;
				INFOPLIST_KEY_UISupportedInterfaceOrientations_iPad = "UIInterfaceOrientationPortrait UIInterfaceOrientationPortraitUpsideDown UIInterfaceOrientationLandscapeLeft UIInterfaceOrientationLandscapeRight";
				INFOPLIST_KEY_UISupportedInterfaceOrientations_iPhone = "UIInterfaceOrientationPortrait UIInterfaceOrientationLandscapeLeft UIInterfaceOrientationLandscapeRight";
				LD_RUNPATH_SEARCH_PATHS = (
					"$(inherited)",
					"@executable_path/Frameworks",
				);
				MARKETING_VERSION = 1.0;
				PRODUCT_BUNDLE_IDENTIFIER = com.elifkasapoglu.Countries;
				PRODUCT_NAME = "$(TARGET_NAME)";
				SWIFT_EMIT_LOC_STRINGS = YES;
				SWIFT_VERSION = 5.0;
				TARGETED_DEVICE_FAMILY = 1;
			};
			name = Debug;
		};
		F167763928706C090045C36B /* Release */ = {
			isa = XCBuildConfiguration;
			buildSettings = {
				ASSETCATALOG_COMPILER_APPICON_NAME = AppIcon;
				ASSETCATALOG_COMPILER_GLOBAL_ACCENT_COLOR_NAME = AccentColor;
				CODE_SIGN_STYLE = Automatic;
				CURRENT_PROJECT_VERSION = 1;
				DEVELOPMENT_TEAM = V2YB3ZX244;
				GENERATE_INFOPLIST_FILE = YES;
				INFOPLIST_FILE = Countries/Info.plist;
				INFOPLIST_KEY_UIApplicationSupportsIndirectInputEvents = YES;
				INFOPLIST_KEY_UILaunchStoryboardName = LaunchScreen;
				INFOPLIST_KEY_UIMainStoryboardFile = Main;
				INFOPLIST_KEY_UISupportedInterfaceOrientations_iPad = "UIInterfaceOrientationPortrait UIInterfaceOrientationPortraitUpsideDown UIInterfaceOrientationLandscapeLeft UIInterfaceOrientationLandscapeRight";
				INFOPLIST_KEY_UISupportedInterfaceOrientations_iPhone = "UIInterfaceOrientationPortrait UIInterfaceOrientationLandscapeLeft UIInterfaceOrientationLandscapeRight";
				LD_RUNPATH_SEARCH_PATHS = (
					"$(inherited)",
					"@executable_path/Frameworks",
				);
				MARKETING_VERSION = 1.0;
				PRODUCT_BUNDLE_IDENTIFIER = com.elifkasapoglu.Countries;
				PRODUCT_NAME = "$(TARGET_NAME)";
				SWIFT_EMIT_LOC_STRINGS = YES;
				SWIFT_VERSION = 5.0;
				TARGETED_DEVICE_FAMILY = 1;
			};
			name = Release;
		};
/* End XCBuildConfiguration section */

/* Begin XCConfigurationList section */
		F167761B28706C080045C36B /* Build configuration list for PBXProject "Countries" */ = {
			isa = XCConfigurationList;
			buildConfigurations = (
				F167763528706C090045C36B /* Debug */,
				F167763628706C090045C36B /* Release */,
			);
			defaultConfigurationIsVisible = 0;
			defaultConfigurationName = Release;
		};
		F167763728706C090045C36B /* Build configuration list for PBXNativeTarget "Countries" */ = {
			isa = XCConfigurationList;
			buildConfigurations = (
				F167763828706C090045C36B /* Debug */,
				F167763928706C090045C36B /* Release */,
			);
			defaultConfigurationIsVisible = 0;
			defaultConfigurationName = Release;
		};
/* End XCConfigurationList section */

/* Begin XCRemoteSwiftPackageReference section */
		F10EEE42287388D90046025C /* XCRemoteSwiftPackageReference "SVGKit" */ = {
			isa = XCRemoteSwiftPackageReference;
			repositoryURL = "https://github.com/SVGKit/SVGKit.git";
			requirement = {
				kind = upToNextMajorVersion;
				minimumVersion = 3.0.0;
			};
		};
/* End XCRemoteSwiftPackageReference section */

/* Begin XCSwiftPackageProductDependency section */
		F10EEE43287388D90046025C /* SVGKit */ = {
			isa = XCSwiftPackageProductDependency;
			package = F10EEE42287388D90046025C /* XCRemoteSwiftPackageReference "SVGKit" */;
			productName = SVGKit;
		};
		F10EEE45287388D90046025C /* SVGKitSwift */ = {
			isa = XCSwiftPackageProductDependency;
			package = F10EEE42287388D90046025C /* XCRemoteSwiftPackageReference "SVGKit" */;
			productName = SVGKitSwift;
		};
/* End XCSwiftPackageProductDependency section */

/* Begin XCVersionGroup section */
		F167762C28706C080045C36B /* Countries.xcdatamodeld */ = {
			isa = XCVersionGroup;
			children = (
				F167762D28706C080045C36B /* Countries.xcdatamodel */,
			);
			currentVersion = F167762D28706C080045C36B /* Countries.xcdatamodel */;
			path = Countries.xcdatamodeld;
			sourceTree = "<group>";
			versionGroupType = wrapper.xcdatamodel;
		};
/* End XCVersionGroup section */
	};
	rootObject = F167761828706C080045C36B /* Project object */;
}
